// !$*UTF8*$!
{
	archiveVersion = 1;
	classes = {
	};
	objectVersion = 50;
	objects = {

/* Begin PBXBuildFile section */
		01105E3223FB79B200B12BBD /* AppDelegate.swift in Sources */ = {isa = PBXBuildFile; fileRef = 01105E3123FB79B200B12BBD /* AppDelegate.swift */; };
		01105E3423FB79B200B12BBD /* SceneDelegate.swift in Sources */ = {isa = PBXBuildFile; fileRef = 01105E3323FB79B200B12BBD /* SceneDelegate.swift */; };
		01105E3923FB79B200B12BBD /* Main.storyboard in Resources */ = {isa = PBXBuildFile; fileRef = 01105E3723FB79B200B12BBD /* Main.storyboard */; };
		01105E3B23FB79B200B12BBD /* Assets.xcassets in Resources */ = {isa = PBXBuildFile; fileRef = 01105E3A23FB79B200B12BBD /* Assets.xcassets */; };
		01105E3E23FB79B200B12BBD /* LaunchScreen.storyboard in Resources */ = {isa = PBXBuildFile; fileRef = 01105E3C23FB79B200B12BBD /* LaunchScreen.storyboard */; };
		01105E4923FB79B200B12BBD /* WorkoutPassTests.swift in Sources */ = {isa = PBXBuildFile; fileRef = 01105E4823FB79B200B12BBD /* WorkoutPassTests.swift */; };
		01105E5423FB79B200B12BBD /* WorkoutPassUITests.swift in Sources */ = {isa = PBXBuildFile; fileRef = 01105E5323FB79B200B12BBD /* WorkoutPassUITests.swift */; };
		01105E6723FB7A8D00B12BBD /* Workout.swift in Sources */ = {isa = PBXBuildFile; fileRef = 01105E6623FB7A8D00B12BBD /* Workout.swift */; };
		C637759623FEDD5600DA2455 /* ViewController.swift in Sources */ = {isa = PBXBuildFile; fileRef = C637759523FEDD5600DA2455 /* ViewController.swift */; };
		C637759D23FEE55100DA2455 /* WorkoutCollectionViewCell.swift in Sources */ = {isa = PBXBuildFile; fileRef = C637759B23FEE55100DA2455 /* WorkoutCollectionViewCell.swift */; };
		C637759E23FEE55100DA2455 /* WorkoutTableViewCell.swift in Sources */ = {isa = PBXBuildFile; fileRef = C637759C23FEE55100DA2455 /* WorkoutTableViewCell.swift */; };
/* End PBXBuildFile section */

/* Begin PBXContainerItemProxy section */
		01105E4523FB79B200B12BBD /* PBXContainerItemProxy */ = {
			isa = PBXContainerItemProxy;
			containerPortal = 01105E2623FB79B200B12BBD /* Project object */;
			proxyType = 1;
			remoteGlobalIDString = 01105E2D23FB79B200B12BBD;
			remoteInfo = WorkoutPass;
		};
		01105E5023FB79B200B12BBD /* PBXContainerItemProxy */ = {
			isa = PBXContainerItemProxy;
			containerPortal = 01105E2623FB79B200B12BBD /* Project object */;
			proxyType = 1;
			remoteGlobalIDString = 01105E2D23FB79B200B12BBD;
			remoteInfo = WorkoutPass;
		};
/* End PBXContainerItemProxy section */

/* Begin PBXFileReference section */
		01105E2E23FB79B200B12BBD /* WorkoutPass.app */ = {isa = PBXFileReference; explicitFileType = wrapper.application; includeInIndex = 0; path = WorkoutPass.app; sourceTree = BUILT_PRODUCTS_DIR; };
		01105E3123FB79B200B12BBD /* AppDelegate.swift */ = {isa = PBXFileReference; lastKnownFileType = sourcecode.swift; path = AppDelegate.swift; sourceTree = "<group>"; };
		01105E3323FB79B200B12BBD /* SceneDelegate.swift */ = {isa = PBXFileReference; lastKnownFileType = sourcecode.swift; path = SceneDelegate.swift; sourceTree = "<group>"; };
		01105E3823FB79B200B12BBD /* Base */ = {isa = PBXFileReference; lastKnownFileType = file.storyboard; name = Base; path = Base.lproj/Main.storyboard; sourceTree = "<group>"; };
		01105E3A23FB79B200B12BBD /* Assets.xcassets */ = {isa = PBXFileReference; lastKnownFileType = folder.assetcatalog; path = Assets.xcassets; sourceTree = "<group>"; };
		01105E3D23FB79B200B12BBD /* Base */ = {isa = PBXFileReference; lastKnownFileType = file.storyboard; name = Base; path = Base.lproj/LaunchScreen.storyboard; sourceTree = "<group>"; };
		01105E3F23FB79B200B12BBD /* Info.plist */ = {isa = PBXFileReference; lastKnownFileType = text.plist.xml; path = Info.plist; sourceTree = "<group>"; };
		01105E4423FB79B200B12BBD /* WorkoutPassTests.xctest */ = {isa = PBXFileReference; explicitFileType = wrapper.cfbundle; includeInIndex = 0; path = WorkoutPassTests.xctest; sourceTree = BUILT_PRODUCTS_DIR; };
		01105E4823FB79B200B12BBD /* WorkoutPassTests.swift */ = {isa = PBXFileReference; lastKnownFileType = sourcecode.swift; path = WorkoutPassTests.swift; sourceTree = "<group>"; };
		01105E4A23FB79B200B12BBD /* Info.plist */ = {isa = PBXFileReference; lastKnownFileType = text.plist.xml; path = Info.plist; sourceTree = "<group>"; };
		01105E4F23FB79B200B12BBD /* WorkoutPassUITests.xctest */ = {isa = PBXFileReference; explicitFileType = wrapper.cfbundle; includeInIndex = 0; path = WorkoutPassUITests.xctest; sourceTree = BUILT_PRODUCTS_DIR; };
		01105E5323FB79B200B12BBD /* WorkoutPassUITests.swift */ = {isa = PBXFileReference; lastKnownFileType = sourcecode.swift; path = WorkoutPassUITests.swift; sourceTree = "<group>"; };
		01105E5523FB79B200B12BBD /* Info.plist */ = {isa = PBXFileReference; lastKnownFileType = text.plist.xml; path = Info.plist; sourceTree = "<group>"; };
		01105E6623FB7A8D00B12BBD /* Workout.swift */ = {isa = PBXFileReference; lastKnownFileType = sourcecode.swift; path = Workout.swift; sourceTree = "<group>"; };
		C637759523FEDD5600DA2455 /* ViewController.swift */ = {isa = PBXFileReference; fileEncoding = 4; lastKnownFileType = sourcecode.swift; name = ViewController.swift; path = WorkoutPass/ViewController.swift; sourceTree = SOURCE_ROOT; };
		C637759B23FEE55100DA2455 /* WorkoutCollectionViewCell.swift */ = {isa = PBXFileReference; fileEncoding = 4; lastKnownFileType = sourcecode.swift; name = WorkoutCollectionViewCell.swift; path = WorkoutPass/WorkoutCollectionViewCell.swift; sourceTree = SOURCE_ROOT; };
		C637759C23FEE55100DA2455 /* WorkoutTableViewCell.swift */ = {isa = PBXFileReference; fileEncoding = 4; lastKnownFileType = sourcecode.swift; name = WorkoutTableViewCell.swift; path = WorkoutPass/WorkoutTableViewCell.swift; sourceTree = SOURCE_ROOT; };
/* End PBXFileReference section */

/* Begin PBXFrameworksBuildPhase section */
		01105E2B23FB79B200B12BBD /* Frameworks */ = {
			isa = PBXFrameworksBuildPhase;
			buildActionMask = 2147483647;
			files = (
			);
			runOnlyForDeploymentPostprocessing = 0;
		};
		01105E4123FB79B200B12BBD /* Frameworks */ = {
			isa = PBXFrameworksBuildPhase;
			buildActionMask = 2147483647;
			files = (
			);
			runOnlyForDeploymentPostprocessing = 0;
		};
		01105E4C23FB79B200B12BBD /* Frameworks */ = {
			isa = PBXFrameworksBuildPhase;
			buildActionMask = 2147483647;
			files = (
			);
			runOnlyForDeploymentPostprocessing = 0;
		};
/* End PBXFrameworksBuildPhase section */

/* Begin PBXGroup section */
		01105E2523FB79B200B12BBD = {
			isa = PBXGroup;
			children = (
				01105E3023FB79B200B12BBD /* WorkoutPass */,
				01105E4723FB79B200B12BBD /* WorkoutPassTests */,
				01105E5223FB79B200B12BBD /* WorkoutPassUITests */,
				01105E2F23FB79B200B12BBD /* Products */,
			);
			sourceTree = "<group>";
		};
		01105E2F23FB79B200B12BBD /* Products */ = {
			isa = PBXGroup;
			children = (
				01105E2E23FB79B200B12BBD /* WorkoutPass.app */,
				01105E4423FB79B200B12BBD /* WorkoutPassTests.xctest */,
				01105E4F23FB79B200B12BBD /* WorkoutPassUITests.xctest */,
			);
			name = Products;
			sourceTree = "<group>";
		};
		01105E3023FB79B200B12BBD /* WorkoutPass */ = {
			isa = PBXGroup;
			children = (
				01105E6323FB79C400B12BBD /* Controller */,
				01105E6223FB79C000B12BBD /* View */,
				01105E6123FB79BA00B12BBD /* Model */,
				01105E3123FB79B200B12BBD /* AppDelegate.swift */,
				01105E3323FB79B200B12BBD /* SceneDelegate.swift */,
				01105E3723FB79B200B12BBD /* Main.storyboard */,
				01105E3A23FB79B200B12BBD /* Assets.xcassets */,
				01105E3C23FB79B200B12BBD /* LaunchScreen.storyboard */,
				01105E3F23FB79B200B12BBD /* Info.plist */,
			);
			path = WorkoutPass;
			sourceTree = "<group>";
		};
		01105E4723FB79B200B12BBD /* WorkoutPassTests */ = {
			isa = PBXGroup;
			children = (
				01105E4823FB79B200B12BBD /* WorkoutPassTests.swift */,
				01105E4A23FB79B200B12BBD /* Info.plist */,
			);
			path = WorkoutPassTests;
			sourceTree = "<group>";
		};
		01105E5223FB79B200B12BBD /* WorkoutPassUITests */ = {
			isa = PBXGroup;
			children = (
				01105E5323FB79B200B12BBD /* WorkoutPassUITests.swift */,
				01105E5523FB79B200B12BBD /* Info.plist */,
			);
			path = WorkoutPassUITests;
			sourceTree = "<group>";
		};
		01105E6123FB79BA00B12BBD /* Model */ = {
			isa = PBXGroup;
			children = (
				01105E6623FB7A8D00B12BBD /* Workout.swift */,
			);
			path = Model;
			sourceTree = "<group>";
		};
		01105E6223FB79C000B12BBD /* View */ = {
			isa = PBXGroup;
			children = (
				C637759B23FEE55100DA2455 /* WorkoutCollectionViewCell.swift */,
				C637759C23FEE55100DA2455 /* WorkoutTableViewCell.swift */,
			);
			path = View;
			sourceTree = "<group>";
		};
		01105E6323FB79C400B12BBD /* Controller */ = {
			isa = PBXGroup;
			children = (
				C637759523FEDD5600DA2455 /* ViewController.swift */,
			);
			path = Controller;
			sourceTree = "<group>";
		};
/* End PBXGroup section */

/* Begin PBXNativeTarget section */
		01105E2D23FB79B200B12BBD /* WorkoutPass */ = {
			isa = PBXNativeTarget;
			buildConfigurationList = 01105E5823FB79B200B12BBD /* Build configuration list for PBXNativeTarget "WorkoutPass" */;
			buildPhases = (
				01105E2A23FB79B200B12BBD /* Sources */,
				01105E2B23FB79B200B12BBD /* Frameworks */,
				01105E2C23FB79B200B12BBD /* Resources */,
			);
			buildRules = (
			);
			dependencies = (
			);
			name = WorkoutPass;
			productName = WorkoutPass;
			productReference = 01105E2E23FB79B200B12BBD /* WorkoutPass.app */;
			productType = "com.apple.product-type.application";
		};
		01105E4323FB79B200B12BBD /* WorkoutPassTests */ = {
			isa = PBXNativeTarget;
			buildConfigurationList = 01105E5B23FB79B200B12BBD /* Build configuration list for PBXNativeTarget "WorkoutPassTests" */;
			buildPhases = (
				01105E4023FB79B200B12BBD /* Sources */,
				01105E4123FB79B200B12BBD /* Frameworks */,
				01105E4223FB79B200B12BBD /* Resources */,
			);
			buildRules = (
			);
			dependencies = (
				01105E4623FB79B200B12BBD /* PBXTargetDependency */,
			);
			name = WorkoutPassTests;
			productName = WorkoutPassTests;
			productReference = 01105E4423FB79B200B12BBD /* WorkoutPassTests.xctest */;
			productType = "com.apple.product-type.bundle.unit-test";
		};
		01105E4E23FB79B200B12BBD /* WorkoutPassUITests */ = {
			isa = PBXNativeTarget;
			buildConfigurationList = 01105E5E23FB79B200B12BBD /* Build configuration list for PBXNativeTarget "WorkoutPassUITests" */;
			buildPhases = (
				01105E4B23FB79B200B12BBD /* Sources */,
				01105E4C23FB79B200B12BBD /* Frameworks */,
				01105E4D23FB79B200B12BBD /* Resources */,
			);
			buildRules = (
			);
			dependencies = (
				01105E5123FB79B200B12BBD /* PBXTargetDependency */,
			);
			name = WorkoutPassUITests;
			productName = WorkoutPassUITests;
			productReference = 01105E4F23FB79B200B12BBD /* WorkoutPassUITests.xctest */;
			productType = "com.apple.product-type.bundle.ui-testing";
		};
/* End PBXNativeTarget section */

/* Begin PBXProject section */
		01105E2623FB79B200B12BBD /* Project object */ = {
			isa = PBXProject;
			attributes = {
				LastSwiftUpdateCheck = 1130;
				LastUpgradeCheck = 1130;
				TargetAttributes = {
					01105E2D23FB79B200B12BBD = {
						CreatedOnToolsVersion = 11.3.1;
					};
					01105E4323FB79B200B12BBD = {
						CreatedOnToolsVersion = 11.3.1;
						TestTargetID = 01105E2D23FB79B200B12BBD;
					};
					01105E4E23FB79B200B12BBD = {
						CreatedOnToolsVersion = 11.3.1;
						TestTargetID = 01105E2D23FB79B200B12BBD;
					};
				};
			};
			buildConfigurationList = 01105E2923FB79B200B12BBD /* Build configuration list for PBXProject "WorkoutPass" */;
			compatibilityVersion = "Xcode 9.3";
			developmentRegion = en;
			hasScannedForEncodings = 0;
			knownRegions = (
				en,
				Base,
			);
			mainGroup = 01105E2523FB79B200B12BBD;
			productRefGroup = 01105E2F23FB79B200B12BBD /* Products */;
			projectDirPath = "";
			projectRoot = "";
			targets = (
				01105E2D23FB79B200B12BBD /* WorkoutPass */,
				01105E4323FB79B200B12BBD /* WorkoutPassTests */,
				01105E4E23FB79B200B12BBD /* WorkoutPassUITests */,
			);
		};
/* End PBXProject section */

/* Begin PBXResourcesBuildPhase section */
		01105E2C23FB79B200B12BBD /* Resources */ = {
			isa = PBXResourcesBuildPhase;
			buildActionMask = 2147483647;
			files = (
				01105E3E23FB79B200B12BBD /* LaunchScreen.storyboard in Resources */,
				01105E3B23FB79B200B12BBD /* Assets.xcassets in Resources */,
				01105E3923FB79B200B12BBD /* Main.storyboard in Resources */,
			);
			runOnlyForDeploymentPostprocessing = 0;
		};
		01105E4223FB79B200B12BBD /* Resources */ = {
			isa = PBXResourcesBuildPhase;
			buildActionMask = 2147483647;
			files = (
			);
			runOnlyForDeploymentPostprocessing = 0;
		};
		01105E4D23FB79B200B12BBD /* Resources */ = {
			isa = PBXResourcesBuildPhase;
			buildActionMask = 2147483647;
			files = (
			);
			runOnlyForDeploymentPostprocessing = 0;
		};
/* End PBXResourcesBuildPhase section */

/* Begin PBXSourcesBuildPhase section */
		01105E2A23FB79B200B12BBD /* Sources */ = {
			isa = PBXSourcesBuildPhase;
			buildActionMask = 2147483647;
			files = (
				01105E3223FB79B200B12BBD /* AppDelegate.swift in Sources */,
				C637759E23FEE55100DA2455 /* WorkoutTableViewCell.swift in Sources */,
				01105E3423FB79B200B12BBD /* SceneDelegate.swift in Sources */,
				C637759623FEDD5600DA2455 /* ViewController.swift in Sources */,
				01105E6723FB7A8D00B12BBD /* Workout.swift in Sources */,
				C637759D23FEE55100DA2455 /* WorkoutCollectionViewCell.swift in Sources */,
			);
			runOnlyForDeploymentPostprocessing = 0;
		};
		01105E4023FB79B200B12BBD /* Sources */ = {
			isa = PBXSourcesBuildPhase;
			buildActionMask = 2147483647;
			files = (
				01105E4923FB79B200B12BBD /* WorkoutPassTests.swift in Sources */,
			);
			runOnlyForDeploymentPostprocessing = 0;
		};
		01105E4B23FB79B200B12BBD /* Sources */ = {
			isa = PBXSourcesBuildPhase;
			buildActionMask = 2147483647;
			files = (
				01105E5423FB79B200B12BBD /* WorkoutPassUITests.swift in Sources */,
			);
			runOnlyForDeploymentPostprocessing = 0;
		};
/* End PBXSourcesBuildPhase section */

/* Begin PBXTargetDependency section */
		01105E4623FB79B200B12BBD /* PBXTargetDependency */ = {
			isa = PBXTargetDependency;
			target = 01105E2D23FB79B200B12BBD /* WorkoutPass */;
			targetProxy = 01105E4523FB79B200B12BBD /* PBXContainerItemProxy */;
		};
		01105E5123FB79B200B12BBD /* PBXTargetDependency */ = {
			isa = PBXTargetDependency;
			target = 01105E2D23FB79B200B12BBD /* WorkoutPass */;
			targetProxy = 01105E5023FB79B200B12BBD /* PBXContainerItemProxy */;
		};
/* End PBXTargetDependency section */

/* Begin PBXVariantGroup section */
		01105E3723FB79B200B12BBD /* Main.storyboard */ = {
			isa = PBXVariantGroup;
			children = (
				01105E3823FB79B200B12BBD /* Base */,
			);
			name = Main.storyboard;
			sourceTree = "<group>";
		};
		01105E3C23FB79B200B12BBD /* LaunchScreen.storyboard */ = {
			isa = PBXVariantGroup;
			children = (
				01105E3D23FB79B200B12BBD /* Base */,
			);
			name = LaunchScreen.storyboard;
			sourceTree = "<group>";
		};
/* End PBXVariantGroup section */

/* Begin XCBuildConfiguration section */
		01105E5623FB79B200B12BBD /* Debug */ = {
			isa = XCBuildConfiguration;
			buildSettings = {
				ALWAYS_SEARCH_USER_PATHS = NO;
				CLANG_ANALYZER_NONNULL = YES;
				CLANG_ANALYZER_NUMBER_OBJECT_CONVERSION = YES_AGGRESSIVE;
				CLANG_CXX_LANGUAGE_STANDARD = "gnu++14";
				CLANG_CXX_LIBRARY = "libc++";
				CLANG_ENABLE_MODULES = YES;
				CLANG_ENABLE_OBJC_ARC = YES;
				CLANG_ENABLE_OBJC_WEAK = YES;
				CLANG_WARN_BLOCK_CAPTURE_AUTORELEASING = YES;
				CLANG_WARN_BOOL_CONVERSION = YES;
				CLANG_WARN_COMMA = YES;
				CLANG_WARN_CONSTANT_CONVERSION = YES;
				CLANG_WARN_DEPRECATED_OBJC_IMPLEMENTATIONS = YES;
				CLANG_WARN_DIRECT_OBJC_ISA_USAGE = YES_ERROR;
				CLANG_WARN_DOCUMENTATION_COMMENTS = YES;
				CLANG_WARN_EMPTY_BODY = YES;
				CLANG_WARN_ENUM_CONVERSION = YES;
				CLANG_WARN_INFINITE_RECURSION = YES;
				CLANG_WARN_INT_CONVERSION = YES;
				CLANG_WARN_NON_LITERAL_NULL_CONVERSION = YES;
				CLANG_WARN_OBJC_IMPLICIT_RETAIN_SELF = YES;
				CLANG_WARN_OBJC_LITERAL_CONVERSION = YES;
				CLANG_WARN_OBJC_ROOT_CLASS = YES_ERROR;
				CLANG_WARN_RANGE_LOOP_ANALYSIS = YES;
				CLANG_WARN_STRICT_PROTOTYPES = YES;
				CLANG_WARN_SUSPICIOUS_MOVE = YES;
				CLANG_WARN_UNGUARDED_AVAILABILITY = YES_AGGRESSIVE;
				CLANG_WARN_UNREACHABLE_CODE = YES;
				CLANG_WARN__DUPLICATE_METHOD_MATCH = YES;
				COPY_PHASE_STRIP = NO;
				DEBUG_INFORMATION_FORMAT = dwarf;
				ENABLE_STRICT_OBJC_MSGSEND = YES;
				ENABLE_TESTABILITY = YES;
				GCC_C_LANGUAGE_STANDARD = gnu11;
				GCC_DYNAMIC_NO_PIC = NO;
				GCC_NO_COMMON_BLOCKS = YES;
				GCC_OPTIMIZATION_LEVEL = 0;
				GCC_PREPROCESSOR_DEFINITIONS = (
					"DEBUG=1",
					"$(inherited)",
				);
				GCC_WARN_64_TO_32_BIT_CONVERSION = YES;
				GCC_WARN_ABOUT_RETURN_TYPE = YES_ERROR;
				GCC_WARN_UNDECLARED_SELECTOR = YES;
				GCC_WARN_UNINITIALIZED_AUTOS = YES_AGGRESSIVE;
				GCC_WARN_UNUSED_FUNCTION = YES;
				GCC_WARN_UNUSED_VARIABLE = YES;
				IPHONEOS_DEPLOYMENT_TARGET = 13.2;
				MTL_ENABLE_DEBUG_INFO = INCLUDE_SOURCE;
				MTL_FAST_MATH = YES;
				ONLY_ACTIVE_ARCH = YES;
				SDKROOT = iphoneos;
				SWIFT_ACTIVE_COMPILATION_CONDITIONS = DEBUG;
				SWIFT_OPTIMIZATION_LEVEL = "-Onone";
			};
			name = Debug;
		};
		01105E5723FB79B200B12BBD /* Release */ = {
			isa = XCBuildConfiguration;
			buildSettings = {
				ALWAYS_SEARCH_USER_PATHS = NO;
				CLANG_ANALYZER_NONNULL = YES;
				CLANG_ANALYZER_NUMBER_OBJECT_CONVERSION = YES_AGGRESSIVE;
				CLANG_CXX_LANGUAGE_STANDARD = "gnu++14";
				CLANG_CXX_LIBRARY = "libc++";
				CLANG_ENABLE_MODULES = YES;
				CLANG_ENABLE_OBJC_ARC = YES;
				CLANG_ENABLE_OBJC_WEAK = YES;
				CLANG_WARN_BLOCK_CAPTURE_AUTORELEASING = YES;
				CLANG_WARN_BOOL_CONVERSION = YES;
				CLANG_WARN_COMMA = YES;
				CLANG_WARN_CONSTANT_CONVERSION = YES;
				CLANG_WARN_DEPRECATED_OBJC_IMPLEMENTATIONS = YES;
				CLANG_WARN_DIRECT_OBJC_ISA_USAGE = YES_ERROR;
				CLANG_WARN_DOCUMENTATION_COMMENTS = YES;
				CLANG_WARN_EMPTY_BODY = YES;
				CLANG_WARN_ENUM_CONVERSION = YES;
				CLANG_WARN_INFINITE_RECURSION = YES;
				CLANG_WARN_INT_CONVERSION = YES;
				CLANG_WARN_NON_LITERAL_NULL_CONVERSION = YES;
				CLANG_WARN_OBJC_IMPLICIT_RETAIN_SELF = YES;
				CLANG_WARN_OBJC_LITERAL_CONVERSION = YES;
				CLANG_WARN_OBJC_ROOT_CLASS = YES_ERROR;
				CLANG_WARN_RANGE_LOOP_ANALYSIS = YES;
				CLANG_WARN_STRICT_PROTOTYPES = YES;
				CLANG_WARN_SUSPICIOUS_MOVE = YES;
				CLANG_WARN_UNGUARDED_AVAILABILITY = YES_AGGRESSIVE;
				CLANG_WARN_UNREACHABLE_CODE = YES;
				CLANG_WARN__DUPLICATE_METHOD_MATCH = YES;
				COPY_PHASE_STRIP = NO;
				DEBUG_INFORMATION_FORMAT = "dwarf-with-dsym";
				ENABLE_NS_ASSERTIONS = NO;
				ENABLE_STRICT_OBJC_MSGSEND = YES;
				GCC_C_LANGUAGE_STANDARD = gnu11;
				GCC_NO_COMMON_BLOCKS = YES;
				GCC_WARN_64_TO_32_BIT_CONVERSION = YES;
				GCC_WARN_ABOUT_RETURN_TYPE = YES_ERROR;
				GCC_WARN_UNDECLARED_SELECTOR = YES;
				GCC_WARN_UNINITIALIZED_AUTOS = YES_AGGRESSIVE;
				GCC_WARN_UNUSED_FUNCTION = YES;
				GCC_WARN_UNUSED_VARIABLE = YES;
				IPHONEOS_DEPLOYMENT_TARGET = 13.2;
				MTL_ENABLE_DEBUG_INFO = NO;
				MTL_FAST_MATH = YES;
				SDKROOT = iphoneos;
				SWIFT_COMPILATION_MODE = wholemodule;
				SWIFT_OPTIMIZATION_LEVEL = "-O";
				VALIDATE_PRODUCT = YES;
			};
			name = Release;
		};
		01105E5923FB79B200B12BBD /* Debug */ = {
			isa = XCBuildConfiguration;
			buildSettings = {
				ASSETCATALOG_COMPILER_APPICON_NAME = AppIcon;
				CODE_SIGN_STYLE = Automatic;
				INFOPLIST_FILE = WorkoutPass/Info.plist;
				LD_RUNPATH_SEARCH_PATHS = (
					"$(inherited)",
					"@executable_path/Frameworks",
				);
				PRODUCT_BUNDLE_IDENTIFIER = com.qta.WorkoutPass;
				PRODUCT_NAME = "$(TARGET_NAME)";
				SWIFT_VERSION = 5.0;
				TARGETED_DEVICE_FAMILY = "1,2";
			};
			name = Debug;
		};
		01105E5A23FB79B200B12BBD /* Release */ = {
			isa = XCBuildConfiguration;
			buildSettings = {
				ASSETCATALOG_COMPILER_APPICON_NAME = AppIcon;
				CODE_SIGN_STYLE = Automatic;
				INFOPLIST_FILE = WorkoutPass/Info.plist;
				LD_RUNPATH_SEARCH_PATHS = (
					"$(inherited)",
					"@executable_path/Frameworks",
				);
				PRODUCT_BUNDLE_IDENTIFIER = com.qta.WorkoutPass;
				PRODUCT_NAME = "$(TARGET_NAME)";
				SWIFT_VERSION = 5.0;
				TARGETED_DEVICE_FAMILY = "1,2";
			};
			name = Release;
		};
		01105E5C23FB79B200B12BBD /* Debug */ = {
			isa = XCBuildConfiguration;
			buildSettings = {
				ALWAYS_EMBED_SWIFT_STANDARD_LIBRARIES = YES;
				BUNDLE_LOADER = "$(TEST_HOST)";
				CODE_SIGN_STYLE = Automatic;
				INFOPLIST_FILE = WorkoutPassTests/Info.plist;
				IPHONEOS_DEPLOYMENT_TARGET = 13.2;
				LD_RUNPATH_SEARCH_PATHS = (
					"$(inherited)",
					"@executable_path/Frameworks",
					"@loader_path/Frameworks",
				);
				PRODUCT_BUNDLE_IDENTIFIER = com.qta.WorkoutPassTests;
				PRODUCT_NAME = "$(TARGET_NAME)";
				SWIFT_VERSION = 5.0;
				TARGETED_DEVICE_FAMILY = "1,2";
				TEST_HOST = "$(BUILT_PRODUCTS_DIR)/WorkoutPass.app/WorkoutPass";
			};
			name = Debug;
		};
		01105E5D23FB79B200B12BBD /* Release */ = {
			isa = XCBuildConfiguration;
			buildSettings = {
				ALWAYS_EMBED_SWIFT_STANDARD_LIBRARIES = YES;
				BUNDLE_LOADER = "$(TEST_HOST)";
				CODE_SIGN_STYLE = Automatic;
				INFOPLIST_FILE = WorkoutPassTests/Info.plist;
				IPHONEOS_DEPLOYMENT_TARGET = 13.2;
				LD_RUNPATH_SEARCH_PATHS = (
					"$(inherited)",
					"@executable_path/Frameworks",
					"@loader_path/Frameworks",
				);
				PRODUCT_BUNDLE_IDENTIFIER = com.qta.WorkoutPassTests;
				PRODUCT_NAME = "$(TARGET_NAME)";
				SWIFT_VERSION = 5.0;
				TARGETED_DEVICE_FAMILY = "1,2";
				TEST_HOST = "$(BUILT_PRODUCTS_DIR)/WorkoutPass.app/WorkoutPass";
			};
			name = Release;
		};
		01105E5F23FB79B200B12BBD /* Debug */ = {
			isa = XCBuildConfiguration;
			buildSettings = {
				ALWAYS_EMBED_SWIFT_STANDARD_LIBRARIES = YES;
				CODE_SIGN_STYLE = Automatic;
				INFOPLIST_FILE = WorkoutPassUITests/Info.plist;
				LD_RUNPATH_SEARCH_PATHS = (
					"$(inherited)",
					"@executable_path/Frameworks",
					"@loader_path/Frameworks",
				);
				PRODUCT_BUNDLE_IDENTIFIER = com.qta.WorkoutPassUITests;
				PRODUCT_NAME = "$(TARGET_NAME)";
				SWIFT_VERSION = 5.0;
				TARGETED_DEVICE_FAMILY = "1,2";
				TEST_TARGET_NAME = WorkoutPass;
			};
			name = Debug;
		};
		01105E6023FB79B200B12BBD /* Release */ = {
			isa = XCBuildConfiguration;
			buildSettings = {
				ALWAYS_EMBED_SWIFT_STANDARD_LIBRARIES = YES;
				CODE_SIGN_STYLE = Automatic;
				INFOPLIST_FILE = WorkoutPassUITests/Info.plist;
				LD_RUNPATH_SEARCH_PATHS = (
					"$(inherited)",
					"@executable_path/Frameworks",
					"@loader_path/Frameworks",
				);
				PRODUCT_BUNDLE_IDENTIFIER = com.qta.WorkoutPassUITests;
				PRODUCT_NAME = "$(TARGET_NAME)";
				SWIFT_VERSION = 5.0;
				TARGETED_DEVICE_FAMILY = "1,2";
				TEST_TARGET_NAME = WorkoutPass;
			};
			name = Release;
		};
/* End XCBuildConfiguration section */

/* Begin XCConfigurationList section */
		01105E2923FB79B200B12BBD /* Build configuration list for PBXProject "WorkoutPass" */ = {
			isa = XCConfigurationList;
			buildConfigurations = (
				01105E5623FB79B200B12BBD /* Debug */,
				01105E5723FB79B200B12BBD /* Release */,
			);
			defaultConfigurationIsVisible = 0;
			defaultConfigurationName = Release;
		};
		01105E5823FB79B200B12BBD /* Build configuration list for PBXNativeTarget "WorkoutPass" */ = {
			isa = XCConfigurationList;
			buildConfigurations = (
				01105E5923FB79B200B12BBD /* Debug */,
				01105E5A23FB79B200B12BBD /* Release */,
			);
			defaultConfigurationIsVisible = 0;
			defaultConfigurationName = Release;
		};
		01105E5B23FB79B200B12BBD /* Build configuration list for PBXNativeTarget "WorkoutPassTests" */ = {
			isa = XCConfigurationList;
			buildConfigurations = (
				01105E5C23FB79B200B12BBD /* Debug */,
				01105E5D23FB79B200B12BBD /* Release */,
			);
			defaultConfigurationIsVisible = 0;
			defaultConfigurationName = Release;
		};
		01105E5E23FB79B200B12BBD /* Build configuration list for PBXNativeTarget "WorkoutPassUITests" */ = {
			isa = XCConfigurationList;
			buildConfigurations = (
				01105E5F23FB79B200B12BBD /* Debug */,
				01105E6023FB79B200B12BBD /* Release */,
			);
			defaultConfigurationIsVisible = 0;
			defaultConfigurationName = Release;
		};
/* End XCConfigurationList section */
	};
	rootObject = 01105E2623FB79B200B12BBD /* Project object */;
}
